// !$*UTF8*$!
{
	archiveVersion = 1;
	classes = {
	};
	objectVersion = 56;
	objects = {

/* Begin PBXBuildFile section */
		C09E6C5B2A8B89D200B9A32F /* ScratchViewApp.swift in Sources */ = {isa = PBXBuildFile; fileRef = C09E6C5A2A8B89D200B9A32F /* ScratchViewApp.swift */; };
		C09E6C5D2A8B89D200B9A32F /* ContentView.swift in Sources */ = {isa = PBXBuildFile; fileRef = C09E6C5C2A8B89D200B9A32F /* ContentView.swift */; };
		C09E6C5F2A8B89D400B9A32F /* Assets.xcassets in Resources */ = {isa = PBXBuildFile; fileRef = C09E6C5E2A8B89D400B9A32F /* Assets.xcassets */; };
		C09E6C622A8B89D400B9A32F /* Preview Assets.xcassets in Resources */ = {isa = PBXBuildFile; fileRef = C09E6C612A8B89D400B9A32F /* Preview Assets.xcassets */; };
		C09E6C6C2A8B89D500B9A32F /* ScratchViewTests.swift in Sources */ = {isa = PBXBuildFile; fileRef = C09E6C6B2A8B89D500B9A32F /* ScratchViewTests.swift */; };
		C09E6C762A8B89D500B9A32F /* ScratchViewUITests.swift in Sources */ = {isa = PBXBuildFile; fileRef = C09E6C752A8B89D500B9A32F /* ScratchViewUITests.swift */; };
		C09E6C782A8B89D500B9A32F /* ScratchViewUITestsLaunchTests.swift in Sources */ = {isa = PBXBuildFile; fileRef = C09E6C772A8B89D500B9A32F /* ScratchViewUITestsLaunchTests.swift */; };
		C09E6C852A8B89E900B9A32F /* ScratchView.swift in Sources */ = {isa = PBXBuildFile; fileRef = C09E6C842A8B89E900B9A32F /* ScratchView.swift */; };
		C09E6C872A8B8A0700B9A32F /* ScratchViewOverlay.swift in Sources */ = {isa = PBXBuildFile; fileRef = C09E6C862A8B8A0700B9A32F /* ScratchViewOverlay.swift */; };
		C09E6C892A8B8A2400B9A32F /* ScratchMask.swift in Sources */ = {isa = PBXBuildFile; fileRef = C09E6C882A8B8A2400B9A32F /* ScratchMask.swift */; };
/* End PBXBuildFile section */

/* Begin PBXContainerItemProxy section */
		C09E6C682A8B89D500B9A32F /* PBXContainerItemProxy */ = {
			isa = PBXContainerItemProxy;
			containerPortal = C09E6C4F2A8B89D200B9A32F /* Project object */;
			proxyType = 1;
			remoteGlobalIDString = C09E6C562A8B89D200B9A32F;
			remoteInfo = ScratchView;
		};
		C09E6C722A8B89D500B9A32F /* PBXContainerItemProxy */ = {
			isa = PBXContainerItemProxy;
			containerPortal = C09E6C4F2A8B89D200B9A32F /* Project object */;
			proxyType = 1;
			remoteGlobalIDString = C09E6C562A8B89D200B9A32F;
			remoteInfo = ScratchView;
		};
/* End PBXContainerItemProxy section */

/* Begin PBXFileReference section */
		C09E6C572A8B89D200B9A32F /* ScratchView.app */ = {isa = PBXFileReference; explicitFileType = wrapper.application; includeInIndex = 0; path = ScratchView.app; sourceTree = BUILT_PRODUCTS_DIR; };
		C09E6C5A2A8B89D200B9A32F /* ScratchViewApp.swift */ = {isa = PBXFileReference; lastKnownFileType = sourcecode.swift; path = ScratchViewApp.swift; sourceTree = "<group>"; };
		C09E6C5C2A8B89D200B9A32F /* ContentView.swift */ = {isa = PBXFileReference; lastKnownFileType = sourcecode.swift; path = ContentView.swift; sourceTree = "<group>"; };
		C09E6C5E2A8B89D400B9A32F /* Assets.xcassets */ = {isa = PBXFileReference; lastKnownFileType = folder.assetcatalog; path = Assets.xcassets; sourceTree = "<group>"; };
		C09E6C612A8B89D400B9A32F /* Preview Assets.xcassets */ = {isa = PBXFileReference; lastKnownFileType = folder.assetcatalog; path = "Preview Assets.xcassets"; sourceTree = "<group>"; };
		C09E6C672A8B89D500B9A32F /* ScratchViewTests.xctest */ = {isa = PBXFileReference; explicitFileType = wrapper.cfbundle; includeInIndex = 0; path = ScratchViewTests.xctest; sourceTree = BUILT_PRODUCTS_DIR; };
		C09E6C6B2A8B89D500B9A32F /* ScratchViewTests.swift */ = {isa = PBXFileReference; lastKnownFileType = sourcecode.swift; path = ScratchViewTests.swift; sourceTree = "<group>"; };
		C09E6C712A8B89D500B9A32F /* ScratchViewUITests.xctest */ = {isa = PBXFileReference; explicitFileType = wrapper.cfbundle; includeInIndex = 0; path = ScratchViewUITests.xctest; sourceTree = BUILT_PRODUCTS_DIR; };
		C09E6C752A8B89D500B9A32F /* ScratchViewUITests.swift */ = {isa = PBXFileReference; lastKnownFileType = sourcecode.swift; path = ScratchViewUITests.swift; sourceTree = "<group>"; };
		C09E6C772A8B89D500B9A32F /* ScratchViewUITestsLaunchTests.swift */ = {isa = PBXFileReference; lastKnownFileType = sourcecode.swift; path = ScratchViewUITestsLaunchTests.swift; sourceTree = "<group>"; };
		C09E6C842A8B89E900B9A32F /* ScratchView.swift */ = {isa = PBXFileReference; lastKnownFileType = sourcecode.swift; path = ScratchView.swift; sourceTree = "<group>"; };
		C09E6C862A8B8A0700B9A32F /* ScratchViewOverlay.swift */ = {isa = PBXFileReference; lastKnownFileType = sourcecode.swift; path = ScratchViewOverlay.swift; sourceTree = "<group>"; };
		C09E6C882A8B8A2400B9A32F /* ScratchMask.swift */ = {isa = PBXFileReference; lastKnownFileType = sourcecode.swift; path = ScratchMask.swift; sourceTree = "<group>"; };
/* End PBXFileReference section */

/* Begin PBXFrameworksBuildPhase section */
		C09E6C542A8B89D200B9A32F /* Frameworks */ = {
			isa = PBXFrameworksBuildPhase;
			buildActionMask = 2147483647;
			files = (
			);
			runOnlyForDeploymentPostprocessing = 0;
		};
		C09E6C642A8B89D500B9A32F /* Frameworks */ = {
			isa = PBXFrameworksBuildPhase;
			buildActionMask = 2147483647;
			files = (
			);
			runOnlyForDeploymentPostprocessing = 0;
		};
		C09E6C6E2A8B89D500B9A32F /* Frameworks */ = {
			isa = PBXFrameworksBuildPhase;
			buildActionMask = 2147483647;
			files = (
			);
			runOnlyForDeploymentPostprocessing = 0;
		};
/* End PBXFrameworksBuildPhase section */

/* Begin PBXGroup section */
		C09E6C4E2A8B89D200B9A32F = {
			isa = PBXGroup;
			children = (
				C09E6C592A8B89D200B9A32F /* ScratchView */,
				C09E6C6A2A8B89D500B9A32F /* ScratchViewTests */,
				C09E6C742A8B89D500B9A32F /* ScratchViewUITests */,
				C09E6C582A8B89D200B9A32F /* Products */,
			);
			sourceTree = "<group>";
		};
		C09E6C582A8B89D200B9A32F /* Products */ = {
			isa = PBXGroup;
			children = (
				C09E6C572A8B89D200B9A32F /* ScratchView.app */,
				C09E6C672A8B89D500B9A32F /* ScratchViewTests.xctest */,
				C09E6C712A8B89D500B9A32F /* ScratchViewUITests.xctest */,
			);
			name = Products;
			sourceTree = "<group>";
		};
		C09E6C592A8B89D200B9A32F /* ScratchView */ = {
			isa = PBXGroup;
			children = (
				C09E6C5A2A8B89D200B9A32F /* ScratchViewApp.swift */,
				C09E6C5C2A8B89D200B9A32F /* ContentView.swift */,
				C09E6C842A8B89E900B9A32F /* ScratchView.swift */,
				C09E6C862A8B8A0700B9A32F /* ScratchViewOverlay.swift */,
				C09E6C882A8B8A2400B9A32F /* ScratchMask.swift */,
				C09E6C5E2A8B89D400B9A32F /* Assets.xcassets */,
				C09E6C602A8B89D400B9A32F /* Preview Content */,
			);
			path = ScratchView;
			sourceTree = "<group>";
		};
		C09E6C602A8B89D400B9A32F /* Preview Content */ = {
			isa = PBXGroup;
			children = (
				C09E6C612A8B89D400B9A32F /* Preview Assets.xcassets */,
			);
			path = "Preview Content";
			sourceTree = "<group>";
		};
		C09E6C6A2A8B89D500B9A32F /* ScratchViewTests */ = {
			isa = PBXGroup;
			children = (
				C09E6C6B2A8B89D500B9A32F /* ScratchViewTests.swift */,
			);
			path = ScratchViewTests;
			sourceTree = "<group>";
		};
		C09E6C742A8B89D500B9A32F /* ScratchViewUITests */ = {
			isa = PBXGroup;
			children = (
				C09E6C752A8B89D500B9A32F /* ScratchViewUITests.swift */,
				C09E6C772A8B89D500B9A32F /* ScratchViewUITestsLaunchTests.swift */,
			);
			path = ScratchViewUITests;
			sourceTree = "<group>";
		};
/* End PBXGroup section */

/* Begin PBXNativeTarget section */
		C09E6C562A8B89D200B9A32F /* ScratchView */ = {
			isa = PBXNativeTarget;
			buildConfigurationList = C09E6C7B2A8B89D500B9A32F /* Build configuration list for PBXNativeTarget "ScratchView" */;
			buildPhases = (
				C09E6C532A8B89D200B9A32F /* Sources */,
				C09E6C542A8B89D200B9A32F /* Frameworks */,
				C09E6C552A8B89D200B9A32F /* Resources */,
			);
			buildRules = (
			);
			dependencies = (
			);
			name = ScratchView;
			productName = ScratchView;
			productReference = C09E6C572A8B89D200B9A32F /* ScratchView.app */;
			productType = "com.apple.product-type.application";
		};
		C09E6C662A8B89D500B9A32F /* ScratchViewTests */ = {
			isa = PBXNativeTarget;
			buildConfigurationList = C09E6C7E2A8B89D500B9A32F /* Build configuration list for PBXNativeTarget "ScratchViewTests" */;
			buildPhases = (
				C09E6C632A8B89D500B9A32F /* Sources */,
				C09E6C642A8B89D500B9A32F /* Frameworks */,
				C09E6C652A8B89D500B9A32F /* Resources */,
			);
			buildRules = (
			);
			dependencies = (
				C09E6C692A8B89D500B9A32F /* PBXTargetDependency */,
			);
			name = ScratchViewTests;
			productName = ScratchViewTests;
			productReference = C09E6C672A8B89D500B9A32F /* ScratchViewTests.xctest */;
			productType = "com.apple.product-type.bundle.unit-test";
		};
		C09E6C702A8B89D500B9A32F /* ScratchViewUITests */ = {
			isa = PBXNativeTarget;
			buildConfigurationList = C09E6C812A8B89D500B9A32F /* Build configuration list for PBXNativeTarget "ScratchViewUITests" */;
			buildPhases = (
				C09E6C6D2A8B89D500B9A32F /* Sources */,
				C09E6C6E2A8B89D500B9A32F /* Frameworks */,
				C09E6C6F2A8B89D500B9A32F /* Resources */,
			);
			buildRules = (
			);
			dependencies = (
				C09E6C732A8B89D500B9A32F /* PBXTargetDependency */,
			);
			name = ScratchViewUITests;
			productName = ScratchViewUITests;
			productReference = C09E6C712A8B89D500B9A32F /* ScratchViewUITests.xctest */;
			productType = "com.apple.product-type.bundle.ui-testing";
		};
/* End PBXNativeTarget section */

/* Begin PBXProject section */
		C09E6C4F2A8B89D200B9A32F /* Project object */ = {
			isa = PBXProject;
			attributes = {
				BuildIndependentTargetsInParallel = 1;
				LastSwiftUpdateCheck = 1430;
				LastUpgradeCheck = 1430;
				TargetAttributes = {
					C09E6C562A8B89D200B9A32F = {
						CreatedOnToolsVersion = 14.3.1;
					};
					C09E6C662A8B89D500B9A32F = {
						CreatedOnToolsVersion = 14.3.1;
						TestTargetID = C09E6C562A8B89D200B9A32F;
					};
					C09E6C702A8B89D500B9A32F = {
						CreatedOnToolsVersion = 14.3.1;
						TestTargetID = C09E6C562A8B89D200B9A32F;
					};
				};
			};
			buildConfigurationList = C09E6C522A8B89D200B9A32F /* Build configuration list for PBXProject "ScratchView" */;
			compatibilityVersion = "Xcode 14.0";
			developmentRegion = en;
			hasScannedForEncodings = 0;
			knownRegions = (
				en,
				Base,
			);
			mainGroup = C09E6C4E2A8B89D200B9A32F;
			productRefGroup = C09E6C582A8B89D200B9A32F /* Products */;
			projectDirPath = "";
			projectRoot = "";
			targets = (
				C09E6C562A8B89D200B9A32F /* ScratchView */,
				C09E6C662A8B89D500B9A32F /* ScratchViewTests */,
				C09E6C702A8B89D500B9A32F /* ScratchViewUITests */,
			);
		};
/* End PBXProject section */

/* Begin PBXResourcesBuildPhase section */
		C09E6C552A8B89D200B9A32F /* Resources */ = {
			isa = PBXResourcesBuildPhase;
			buildActionMask = 2147483647;
			files = (
				C09E6C622A8B89D400B9A32F /* Preview Assets.xcassets in Resources */,
				C09E6C5F2A8B89D400B9A32F /* Assets.xcassets in Resources */,
			);
			runOnlyForDeploymentPostprocessing = 0;
		};
		C09E6C652A8B89D500B9A32F /* Resources */ = {
			isa = PBXResourcesBuildPhase;
			buildActionMask = 2147483647;
			files = (
			);
			runOnlyForDeploymentPostprocessing = 0;
		};
		C09E6C6F2A8B89D500B9A32F /* Resources */ = {
			isa = PBXResourcesBuildPhase;
			buildActionMask = 2147483647;
			files = (
			);
			runOnlyForDeploymentPostprocessing = 0;
		};
/* End PBXResourcesBuildPhase section */

/* Begin PBXSourcesBuildPhase section */
		C09E6C532A8B89D200B9A32F /* Sources */ = {
			isa = PBXSourcesBuildPhase;
			buildActionMask = 2147483647;
			files = (
				C09E6C872A8B8A0700B9A32F /* ScratchViewOverlay.swift in Sources */,
				C09E6C892A8B8A2400B9A32F /* ScratchMask.swift in Sources */,
				C09E6C5D2A8B89D200B9A32F /* ContentView.swift in Sources */,
				C09E6C5B2A8B89D200B9A32F /* ScratchViewApp.swift in Sources */,
				C09E6C852A8B89E900B9A32F /* ScratchView.swift in Sources */,
			);
			runOnlyForDeploymentPostprocessing = 0;
		};
		C09E6C632A8B89D500B9A32F /* Sources */ = {
			isa = PBXSourcesBuildPhase;
			buildActionMask = 2147483647;
			files = (
				C09E6C6C2A8B89D500B9A32F /* ScratchViewTests.swift in Sources */,
			);
			runOnlyForDeploymentPostprocessing = 0;
		};
		C09E6C6D2A8B89D500B9A32F /* Sources */ = {
			isa = PBXSourcesBuildPhase;
			buildActionMask = 2147483647;
			files = (
				C09E6C782A8B89D500B9A32F /* ScratchViewUITestsLaunchTests.swift in Sources */,
				C09E6C762A8B89D500B9A32F /* ScratchViewUITests.swift in Sources */,
			);
			runOnlyForDeploymentPostprocessing = 0;
		};
/* End PBXSourcesBuildPhase section */

/* Begin PBXTargetDependency section */
		C09E6C692A8B89D500B9A32F /* PBXTargetDependency */ = {
			isa = PBXTargetDependency;
			target = C09E6C562A8B89D200B9A32F /* ScratchView */;
			targetProxy = C09E6C682A8B89D500B9A32F /* PBXContainerItemProxy */;
		};
		C09E6C732A8B89D500B9A32F /* PBXTargetDependency */ = {
			isa = PBXTargetDependency;
			target = C09E6C562A8B89D200B9A32F /* ScratchView */;
			targetProxy = C09E6C722A8B89D500B9A32F /* PBXContainerItemProxy */;
		};
/* End PBXTargetDependency section */

/* Begin XCBuildConfiguration section */
		C09E6C792A8B89D500B9A32F /* Debug */ = {
			isa = XCBuildConfiguration;
			buildSettings = {
				ALWAYS_SEARCH_USER_PATHS = NO;
				CLANG_ANALYZER_NONNULL = YES;
				CLANG_ANALYZER_NUMBER_OBJECT_CONVERSION = YES_AGGRESSIVE;
				CLANG_CXX_LANGUAGE_STANDARD = "gnu++20";
				CLANG_ENABLE_MODULES = YES;
				CLANG_ENABLE_OBJC_ARC = YES;
				CLANG_ENABLE_OBJC_WEAK = YES;
				CLANG_WARN_BLOCK_CAPTURE_AUTORELEASING = YES;
				CLANG_WARN_BOOL_CONVERSION = YES;
				CLANG_WARN_COMMA = YES;
				CLANG_WARN_CONSTANT_CONVERSION = YES;
				CLANG_WARN_DEPRECATED_OBJC_IMPLEMENTATIONS = YES;
				CLANG_WARN_DIRECT_OBJC_ISA_USAGE = YES_ERROR;
				CLANG_WARN_DOCUMENTATION_COMMENTS = YES;
				CLANG_WARN_EMPTY_BODY = YES;
				CLANG_WARN_ENUM_CONVERSION = YES;
				CLANG_WARN_INFINITE_RECURSION = YES;
				CLANG_WARN_INT_CONVERSION = YES;
				CLANG_WARN_NON_LITERAL_NULL_CONVERSION = YES;
				CLANG_WARN_OBJC_IMPLICIT_RETAIN_SELF = YES;
				CLANG_WARN_OBJC_LITERAL_CONVERSION = YES;
				CLANG_WARN_OBJC_ROOT_CLASS = YES_ERROR;
				CLANG_WARN_QUOTED_INCLUDE_IN_FRAMEWORK_HEADER = YES;
				CLANG_WARN_RANGE_LOOP_ANALYSIS = YES;
				CLANG_WARN_STRICT_PROTOTYPES = YES;
				CLANG_WARN_SUSPICIOUS_MOVE = YES;
				CLANG_WARN_UNGUARDED_AVAILABILITY = YES_AGGRESSIVE;
				CLANG_WARN_UNREACHABLE_CODE = YES;
				CLANG_WARN__DUPLICATE_METHOD_MATCH = YES;
				COPY_PHASE_STRIP = NO;
				DEBUG_INFORMATION_FORMAT = dwarf;
				ENABLE_STRICT_OBJC_MSGSEND = YES;
				ENABLE_TESTABILITY = YES;
				GCC_C_LANGUAGE_STANDARD = gnu11;
				GCC_DYNAMIC_NO_PIC = NO;
				GCC_NO_COMMON_BLOCKS = YES;
				GCC_OPTIMIZATION_LEVEL = 0;
				GCC_PREPROCESSOR_DEFINITIONS = (
					"DEBUG=1",
					"$(inherited)",
				);
				GCC_WARN_64_TO_32_BIT_CONVERSION = YES;
				GCC_WARN_ABOUT_RETURN_TYPE = YES_ERROR;
				GCC_WARN_UNDECLARED_SELECTOR = YES;
				GCC_WARN_UNINITIALIZED_AUTOS = YES_AGGRESSIVE;
				GCC_WARN_UNUSED_FUNCTION = YES;
				GCC_WARN_UNUSED_VARIABLE = YES;
				IPHONEOS_DEPLOYMENT_TARGET = 16.4;
				MTL_ENABLE_DEBUG_INFO = INCLUDE_SOURCE;
				MTL_FAST_MATH = YES;
				ONLY_ACTIVE_ARCH = YES;
				SDKROOT = iphoneos;
				SWIFT_ACTIVE_COMPILATION_CONDITIONS = DEBUG;
				SWIFT_OPTIMIZATION_LEVEL = "-Onone";
			};
			name = Debug;
		};
		C09E6C7A2A8B89D500B9A32F /* Release */ = {
			isa = XCBuildConfiguration;
			buildSettings = {
				ALWAYS_SEARCH_USER_PATHS = NO;
				CLANG_ANALYZER_NONNULL = YES;
				CLANG_ANALYZER_NUMBER_OBJECT_CONVERSION = YES_AGGRESSIVE;
				CLANG_CXX_LANGUAGE_STANDARD = "gnu++20";
				CLANG_ENABLE_MODULES = YES;
				CLANG_ENABLE_OBJC_ARC = YES;
				CLANG_ENABLE_OBJC_WEAK = YES;
				CLANG_WARN_BLOCK_CAPTURE_AUTORELEASING = YES;
				CLANG_WARN_BOOL_CONVERSION = YES;
				CLANG_WARN_COMMA = YES;
				CLANG_WARN_CONSTANT_CONVERSION = YES;
				CLANG_WARN_DEPRECATED_OBJC_IMPLEMENTATIONS = YES;
				CLANG_WARN_DIRECT_OBJC_ISA_USAGE = YES_ERROR;
				CLANG_WARN_DOCUMENTATION_COMMENTS = YES;
				CLANG_WARN_EMPTY_BODY = YES;
				CLANG_WARN_ENUM_CONVERSION = YES;
				CLANG_WARN_INFINITE_RECURSION = YES;
				CLANG_WARN_INT_CONVERSION = YES;
				CLANG_WARN_NON_LITERAL_NULL_CONVERSION = YES;
				CLANG_WARN_OBJC_IMPLICIT_RETAIN_SELF = YES;
				CLANG_WARN_OBJC_LITERAL_CONVERSION = YES;
				CLANG_WARN_OBJC_ROOT_CLASS = YES_ERROR;
				CLANG_WARN_QUOTED_INCLUDE_IN_FRAMEWORK_HEADER = YES;
				CLANG_WARN_RANGE_LOOP_ANALYSIS = YES;
				CLANG_WARN_STRICT_PROTOTYPES = YES;
				CLANG_WARN_SUSPICIOUS_MOVE = YES;
				CLANG_WARN_UNGUARDED_AVAILABILITY = YES_AGGRESSIVE;
				CLANG_WARN_UNREACHABLE_CODE = YES;
				CLANG_WARN__DUPLICATE_METHOD_MATCH = YES;
				COPY_PHASE_STRIP = NO;
				DEBUG_INFORMATION_FORMAT = "dwarf-with-dsym";
				ENABLE_NS_ASSERTIONS = NO;
				ENABLE_STRICT_OBJC_MSGSEND = YES;
				GCC_C_LANGUAGE_STANDARD = gnu11;
				GCC_NO_COMMON_BLOCKS = YES;
				GCC_WARN_64_TO_32_BIT_CONVERSION = YES;
				GCC_WARN_ABOUT_RETURN_TYPE = YES_ERROR;
				GCC_WARN_UNDECLARED_SELECTOR = YES;
				GCC_WARN_UNINITIALIZED_AUTOS = YES_AGGRESSIVE;
				GCC_WARN_UNUSED_FUNCTION = YES;
				GCC_WARN_UNUSED_VARIABLE = YES;
				IPHONEOS_DEPLOYMENT_TARGET = 16.4;
				MTL_ENABLE_DEBUG_INFO = NO;
				MTL_FAST_MATH = YES;
				SDKROOT = iphoneos;
				SWIFT_COMPILATION_MODE = wholemodule;
				SWIFT_OPTIMIZATION_LEVEL = "-O";
				VALIDATE_PRODUCT = YES;
			};
			name = Release;
		};
		C09E6C7C2A8B89D500B9A32F /* Debug */ = {
			isa = XCBuildConfiguration;
			buildSettings = {
				ASSETCATALOG_COMPILER_APPICON_NAME = AppIcon;
				ASSETCATALOG_COMPILER_GLOBAL_ACCENT_COLOR_NAME = AccentColor;
				CODE_SIGN_STYLE = Automatic;
				CURRENT_PROJECT_VERSION = 1;
				DEVELOPMENT_ASSET_PATHS = "\"ScratchView/Preview Content\"";
				ENABLE_PREVIEWS = YES;
				GENERATE_INFOPLIST_FILE = YES;
				INFOPLIST_KEY_UIApplicationSceneManifest_Generation = YES;
				INFOPLIST_KEY_UIApplicationSupportsIndirectInputEvents = YES;
				INFOPLIST_KEY_UILaunchScreen_Generation = YES;
				INFOPLIST_KEY_UISupportedInterfaceOrientations_iPad = "UIInterfaceOrientationPortrait UIInterfaceOrientationPortraitUpsideDown UIInterfaceOrientationLandscapeLeft UIInterfaceOrientationLandscapeRight";
				INFOPLIST_KEY_UISupportedInterfaceOrientations_iPhone = "UIInterfaceOrientationPortrait UIInterfaceOrientationLandscapeLeft UIInterfaceOrientationLandscapeRight";
				LD_RUNPATH_SEARCH_PATHS = (
					"$(inherited)",
					"@executable_path/Frameworks",
				);
				MARKETING_VERSION = 1.0;
				PRODUCT_BUNDLE_IDENTIFIER = com.sathish.ScratchView;
				PRODUCT_NAME = "$(TARGET_NAME)";
				SWIFT_EMIT_LOC_STRINGS = YES;
				SWIFT_VERSION = 5.0;
				TARGETED_DEVICE_FAMILY = "1,2";
			};
			name = Debug;
		};
		C09E6C7D2A8B89D500B9A32F /* Release */ = {
			isa = XCBuildConfiguration;
			buildSettings = {
				ASSETCATALOG_COMPILER_APPICON_NAME = AppIcon;
				ASSETCATALOG_COMPILER_GLOBAL_ACCENT_COLOR_NAME = AccentColor;
				CODE_SIGN_STYLE = Automatic;
				CURRENT_PROJECT_VERSION = 1;
				DEVELOPMENT_ASSET_PATHS = "\"ScratchView/Preview Content\"";
				ENABLE_PREVIEWS = YES;
				GENERATE_INFOPLIST_FILE = YES;
				INFOPLIST_KEY_UIApplicationSceneManifest_Generation = YES;
				INFOPLIST_KEY_UIApplicationSupportsIndirectInputEvents = YES;
				INFOPLIST_KEY_UILaunchScreen_Generation = YES;
				INFOPLIST_KEY_UISupportedInterfaceOrientations_iPad = "UIInterfaceOrientationPortrait UIInterfaceOrientationPortraitUpsideDown UIInterfaceOrientationLandscapeLeft UIInterfaceOrientationLandscapeRight";
				INFOPLIST_KEY_UISupportedInterfaceOrientations_iPhone = "UIInterfaceOrientationPortrait UIInterfaceOrientationLandscapeLeft UIInterfaceOrientationLandscapeRight";
				LD_RUNPATH_SEARCH_PATHS = (
					"$(inherited)",
					"@executable_path/Frameworks",
				);
				MARKETING_VERSION = 1.0;
				PRODUCT_BUNDLE_IDENTIFIER = com.sathish.ScratchView;
				PRODUCT_NAME = "$(TARGET_NAME)";
				SWIFT_EMIT_LOC_STRINGS = YES;
				SWIFT_VERSION = 5.0;
				TARGETED_DEVICE_FAMILY = "1,2";
			};
			name = Release;
		};
		C09E6C7F2A8B89D500B9A32F /* Debug */ = {
			isa = XCBuildConfiguration;
			buildSettings = {
				ALWAYS_EMBED_SWIFT_STANDARD_LIBRARIES = YES;
				BUNDLE_LOADER = "$(TEST_HOST)";
				CODE_SIGN_STYLE = Automatic;
				CURRENT_PROJECT_VERSION = 1;
				GENERATE_INFOPLIST_FILE = YES;
				IPHONEOS_DEPLOYMENT_TARGET = 16.4;
				MARKETING_VERSION = 1.0;
				PRODUCT_BUNDLE_IDENTIFIER = com.sathish.ScratchViewTests;
				PRODUCT_NAME = "$(TARGET_NAME)";
				SWIFT_EMIT_LOC_STRINGS = NO;
				SWIFT_VERSION = 5.0;
				TARGETED_DEVICE_FAMILY = "1,2";
				TEST_HOST = "$(BUILT_PRODUCTS_DIR)/ScratchView.app/$(BUNDLE_EXECUTABLE_FOLDER_PATH)/ScratchView";
			};
			name = Debug;
		};
		C09E6C802A8B89D500B9A32F /* Release */ = {
			isa = XCBuildConfiguration;
			buildSettings = {
				ALWAYS_EMBED_SWIFT_STANDARD_LIBRARIES = YES;
				BUNDLE_LOADER = "$(TEST_HOST)";
				CODE_SIGN_STYLE = Automatic;
				CURRENT_PROJECT_VERSION = 1;
				GENERATE_INFOPLIST_FILE = YES;
				IPHONEOS_DEPLOYMENT_TARGET = 16.4;
				MARKETING_VERSION = 1.0;
				PRODUCT_BUNDLE_IDENTIFIER = com.sathish.ScratchViewTests;
				PRODUCT_NAME = "$(TARGET_NAME)";
				SWIFT_EMIT_LOC_STRINGS = NO;
				SWIFT_VERSION = 5.0;
				TARGETED_DEVICE_FAMILY = "1,2";
				TEST_HOST = "$(BUILT_PRODUCTS_DIR)/ScratchView.app/$(BUNDLE_EXECUTABLE_FOLDER_PATH)/ScratchView";
			};
			name = Release;
		};
		C09E6C822A8B89D500B9A32F /* Debug */ = {
			isa = XCBuildConfiguration;
			buildSettings = {
				ALWAYS_EMBED_SWIFT_STANDARD_LIBRARIES = YES;
				CODE_SIGN_STYLE = Automatic;
				CURRENT_PROJECT_VERSION = 1;
				GENERATE_INFOPLIST_FILE = YES;
				MARKETING_VERSION = 1.0;
				PRODUCT_BUNDLE_IDENTIFIER = com.sathish.ScratchViewUITests;
				PRODUCT_NAME = "$(TARGET_NAME)";
				SWIFT_EMIT_LOC_STRINGS = NO;
				SWIFT_VERSION = 5.0;
				TARGETED_DEVICE_FAMILY = "1,2";
				TEST_TARGET_NAME = ScratchView;
			};
			name = Debug;
		};
		C09E6C832A8B89D500B9A32F /* Release */ = {
			isa = XCBuildConfiguration;
			buildSettings = {
				ALWAYS_EMBED_SWIFT_STANDARD_LIBRARIES = YES;
				CODE_SIGN_STYLE = Automatic;
				CURRENT_PROJECT_VERSION = 1;
				GENERATE_INFOPLIST_FILE = YES;
				MARKETING_VERSION = 1.0;
				PRODUCT_BUNDLE_IDENTIFIER = com.sathish.ScratchViewUITests;
				PRODUCT_NAME = "$(TARGET_NAME)";
				SWIFT_EMIT_LOC_STRINGS = NO;
				SWIFT_VERSION = 5.0;
				TARGETED_DEVICE_FAMILY = "1,2";
				TEST_TARGET_NAME = ScratchView;
			};
			name = Release;
		};
/* End XCBuildConfiguration section */

/* Begin XCConfigurationList section */
		C09E6C522A8B89D200B9A32F /* Build configuration list for PBXProject "ScratchView" */ = {
			isa = XCConfigurationList;
			buildConfigurations = (
				C09E6C792A8B89D500B9A32F /* Debug */,
				C09E6C7A2A8B89D500B9A32F /* Release */,
			);
			defaultConfigurationIsVisible = 0;
			defaultConfigurationName = Release;
		};
		C09E6C7B2A8B89D500B9A32F /* Build configuration list for PBXNativeTarget "ScratchView" */ = {
			isa = XCConfigurationList;
			buildConfigurations = (
				C09E6C7C2A8B89D500B9A32F /* Debug */,
				C09E6C7D2A8B89D500B9A32F /* Release */,
			);
			defaultConfigurationIsVisible = 0;
			defaultConfigurationName = Release;
		};
		C09E6C7E2A8B89D500B9A32F /* Build configuration list for PBXNativeTarget "ScratchViewTests" */ = {
			isa = XCConfigurationList;
			buildConfigurations = (
				C09E6C7F2A8B89D500B9A32F /* Debug */,
				C09E6C802A8B89D500B9A32F /* Release */,
			);
			defaultConfigurationIsVisible = 0;
			defaultConfigurationName = Release;
		};
		C09E6C812A8B89D500B9A32F /* Build configuration list for PBXNativeTarget "ScratchViewUITests" */ = {
			isa = XCConfigurationList;
			buildConfigurations = (
				C09E6C822A8B89D500B9A32F /* Debug */,
				C09E6C832A8B89D500B9A32F /* Release */,
			);
			defaultConfigurationIsVisible = 0;
			defaultConfigurationName = Release;
		};
/* End XCConfigurationList section */
	};
	rootObject = C09E6C4F2A8B89D200B9A32F /* Project object */;
}
